// !$*UTF8*$!
{
	archiveVersion = 1;
	classes = {
	};
	objectVersion = 56;
	objects = {

/* Begin PBXBuildFile section */
		91E17AEC29F8F0BA000CFA16 /* AppDelegate.swift in Sources */ = {isa = PBXBuildFile; fileRef = 91E17AEB29F8F0BA000CFA16 /* AppDelegate.swift */; };
		91E17AEE29F8F0BA000CFA16 /* SceneDelegate.swift in Sources */ = {isa = PBXBuildFile; fileRef = 91E17AED29F8F0BA000CFA16 /* SceneDelegate.swift */; };
		91E17AF029F8F0BA000CFA16 /* HomeViewController.swift in Sources */ = {isa = PBXBuildFile; fileRef = 91E17AEF29F8F0BA000CFA16 /* HomeViewController.swift */; };
		91E17AF529F8F0BD000CFA16 /* Assets.xcassets in Resources */ = {isa = PBXBuildFile; fileRef = 91E17AF429F8F0BD000CFA16 /* Assets.xcassets */; };
		91E17AF829F8F0BD000CFA16 /* LaunchScreen.storyboard in Resources */ = {isa = PBXBuildFile; fileRef = 91E17AF629F8F0BD000CFA16 /* LaunchScreen.storyboard */; };
		91E17B0029F8F511000CFA16 /* HomeView.swift in Sources */ = {isa = PBXBuildFile; fileRef = 91E17AFF29F8F511000CFA16 /* HomeView.swift */; };
		91E17B0229F8F525000CFA16 /* BaseUIView.swift in Sources */ = {isa = PBXBuildFile; fileRef = 91E17B0129F8F525000CFA16 /* BaseUIView.swift */; };
		91E17B0529F8F54A000CFA16 /* SnapKit in Frameworks */ = {isa = PBXBuildFile; productRef = 91E17B0429F8F54A000CFA16 /* SnapKit */; };
		91E17B0829F8F566000CFA16 /* UIView+Extension.swift in Sources */ = {isa = PBXBuildFile; fileRef = 91E17B0729F8F566000CFA16 /* UIView+Extension.swift */; };
		91E17B0A29F8F577000CFA16 /* UITextField+Extension.swift in Sources */ = {isa = PBXBuildFile; fileRef = 91E17B0929F8F577000CFA16 /* UITextField+Extension.swift */; };
		91E17B1129F8F88C000CFA16 /* HomeViewModel.swift in Sources */ = {isa = PBXBuildFile; fileRef = 91E17B1029F8F88C000CFA16 /* HomeViewModel.swift */; };
		91E17B1329F90265000CFA16 /* HomeViewUseCase.swift in Sources */ = {isa = PBXBuildFile; fileRef = 91E17B1229F90265000CFA16 /* HomeViewUseCase.swift */; };
/* End PBXBuildFile section */

/* Begin PBXFileReference section */
		91E17AE829F8F0BA000CFA16 /* YourssuCalculator.app */ = {isa = PBXFileReference; explicitFileType = wrapper.application; includeInIndex = 0; path = YourssuCalculator.app; sourceTree = BUILT_PRODUCTS_DIR; };
		91E17AEB29F8F0BA000CFA16 /* AppDelegate.swift */ = {isa = PBXFileReference; lastKnownFileType = sourcecode.swift; path = AppDelegate.swift; sourceTree = "<group>"; };
		91E17AED29F8F0BA000CFA16 /* SceneDelegate.swift */ = {isa = PBXFileReference; lastKnownFileType = sourcecode.swift; path = SceneDelegate.swift; sourceTree = "<group>"; };
		91E17AEF29F8F0BA000CFA16 /* HomeViewController.swift */ = {isa = PBXFileReference; lastKnownFileType = sourcecode.swift; path = HomeViewController.swift; sourceTree = "<group>"; };
		91E17AF429F8F0BD000CFA16 /* Assets.xcassets */ = {isa = PBXFileReference; lastKnownFileType = folder.assetcatalog; path = Assets.xcassets; sourceTree = "<group>"; };
		91E17AF729F8F0BD000CFA16 /* Base */ = {isa = PBXFileReference; lastKnownFileType = file.storyboard; name = Base; path = Base.lproj/LaunchScreen.storyboard; sourceTree = "<group>"; };
		91E17AF929F8F0BD000CFA16 /* Info.plist */ = {isa = PBXFileReference; lastKnownFileType = text.plist.xml; path = Info.plist; sourceTree = "<group>"; };
		91E17AFF29F8F511000CFA16 /* HomeView.swift */ = {isa = PBXFileReference; lastKnownFileType = sourcecode.swift; path = HomeView.swift; sourceTree = "<group>"; };
		91E17B0129F8F525000CFA16 /* BaseUIView.swift */ = {isa = PBXFileReference; lastKnownFileType = sourcecode.swift; path = BaseUIView.swift; sourceTree = "<group>"; };
		91E17B0729F8F566000CFA16 /* UIView+Extension.swift */ = {isa = PBXFileReference; lastKnownFileType = sourcecode.swift; path = "UIView+Extension.swift"; sourceTree = "<group>"; };
		91E17B0929F8F577000CFA16 /* UITextField+Extension.swift */ = {isa = PBXFileReference; lastKnownFileType = sourcecode.swift; path = "UITextField+Extension.swift"; sourceTree = "<group>"; };
		91E17B1029F8F88C000CFA16 /* HomeViewModel.swift */ = {isa = PBXFileReference; lastKnownFileType = sourcecode.swift; path = HomeViewModel.swift; sourceTree = "<group>"; };
		91E17B1229F90265000CFA16 /* HomeViewUseCase.swift */ = {isa = PBXFileReference; lastKnownFileType = sourcecode.swift; path = HomeViewUseCase.swift; sourceTree = "<group>"; };
/* End PBXFileReference section */

/* Begin PBXFrameworksBuildPhase section */
		91E17AE529F8F0BA000CFA16 /* Frameworks */ = {
			isa = PBXFrameworksBuildPhase;
			buildActionMask = 2147483647;
			files = (
				91E17B0529F8F54A000CFA16 /* SnapKit in Frameworks */,
			);
			runOnlyForDeploymentPostprocessing = 0;
		};
/* End PBXFrameworksBuildPhase section */

/* Begin PBXGroup section */
		91E17ADF29F8F0BA000CFA16 = {
			isa = PBXGroup;
			children = (
				91E17AEA29F8F0BA000CFA16 /* YourssuCalculator */,
				91E17AE929F8F0BA000CFA16 /* Products */,
			);
			sourceTree = "<group>";
		};
		91E17AE929F8F0BA000CFA16 /* Products */ = {
			isa = PBXGroup;
			children = (
				91E17AE829F8F0BA000CFA16 /* YourssuCalculator.app */,
			);
			name = Products;
			sourceTree = "<group>";
		};
		91E17AEA29F8F0BA000CFA16 /* YourssuCalculator */ = {
			isa = PBXGroup;
			children = (
				91E17B0B29F8F58D000CFA16 /* Presentation */,
				91E17B0D29F8F5B2000CFA16 /* Global */,
			);
			path = YourssuCalculator;
			sourceTree = "<group>";
		};
		91E17B0629F8F554000CFA16 /* Extension */ = {
			isa = PBXGroup;
			children = (
				91E17B0729F8F566000CFA16 /* UIView+Extension.swift */,
				91E17B0929F8F577000CFA16 /* UITextField+Extension.swift */,
			);
			path = Extension;
			sourceTree = "<group>";
		};
		91E17B0B29F8F58D000CFA16 /* Presentation */ = {
			isa = PBXGroup;
			children = (
				91E17B0C29F8F59B000CFA16 /* Home */,
			);
			path = Presentation;
			sourceTree = "<group>";
		};
		91E17B0C29F8F59B000CFA16 /* Home */ = {
			isa = PBXGroup;
			children = (
				91E17AFF29F8F511000CFA16 /* HomeView.swift */,
				91E17AEF29F8F0BA000CFA16 /* HomeViewController.swift */,
				91E17B1029F8F88C000CFA16 /* HomeViewModel.swift */,
				91E17B1229F90265000CFA16 /* HomeViewUseCase.swift */,
			);
			path = Home;
			sourceTree = "<group>";
		};
		91E17B0D29F8F5B2000CFA16 /* Global */ = {
			isa = PBXGroup;
			children = (
				91E17B0E29F8F5C3000CFA16 /* BaseView */,
				91E17B0629F8F554000CFA16 /* Extension */,
				91E17B0F29F8F5DF000CFA16 /* Supports */,
			);
			path = Global;
			sourceTree = "<group>";
		};
		91E17B0E29F8F5C3000CFA16 /* BaseView */ = {
			isa = PBXGroup;
			children = (
				91E17B0129F8F525000CFA16 /* BaseUIView.swift */,
			);
			path = BaseView;
			sourceTree = "<group>";
		};
		91E17B0F29F8F5DF000CFA16 /* Supports */ = {
			isa = PBXGroup;
			children = (
				91E17AF929F8F0BD000CFA16 /* Info.plist */,
				91E17AF429F8F0BD000CFA16 /* Assets.xcassets */,
				91E17AF629F8F0BD000CFA16 /* LaunchScreen.storyboard */,
				91E17AED29F8F0BA000CFA16 /* SceneDelegate.swift */,
				91E17AEB29F8F0BA000CFA16 /* AppDelegate.swift */,
			);
			path = Supports;
			sourceTree = "<group>";
		};
/* End PBXGroup section */

/* Begin PBXNativeTarget section */
		91E17AE729F8F0BA000CFA16 /* YourssuCalculator */ = {
			isa = PBXNativeTarget;
			buildConfigurationList = 91E17AFC29F8F0BD000CFA16 /* Build configuration list for PBXNativeTarget "YourssuCalculator" */;
			buildPhases = (
				91E17AE429F8F0BA000CFA16 /* Sources */,
				91E17AE529F8F0BA000CFA16 /* Frameworks */,
				91E17AE629F8F0BA000CFA16 /* Resources */,
			);
			buildRules = (
			);
			dependencies = (
			);
			name = YourssuCalculator;
			packageProductDependencies = (
				91E17B0429F8F54A000CFA16 /* SnapKit */,
			);
			productName = YourssuCalculator;
			productReference = 91E17AE829F8F0BA000CFA16 /* YourssuCalculator.app */;
			productType = "com.apple.product-type.application";
		};
/* End PBXNativeTarget section */

/* Begin PBXProject section */
		91E17AE029F8F0BA000CFA16 /* Project object */ = {
			isa = PBXProject;
			attributes = {
				BuildIndependentTargetsInParallel = 1;
				LastSwiftUpdateCheck = 1420;
				LastUpgradeCheck = 1420;
				TargetAttributes = {
					91E17AE729F8F0BA000CFA16 = {
						CreatedOnToolsVersion = 14.2;
					};
				};
			};
			buildConfigurationList = 91E17AE329F8F0BA000CFA16 /* Build configuration list for PBXProject "YourssuCalculator" */;
			compatibilityVersion = "Xcode 14.0";
			developmentRegion = en;
			hasScannedForEncodings = 0;
			knownRegions = (
				en,
				Base,
			);
			mainGroup = 91E17ADF29F8F0BA000CFA16;
			packageReferences = (
				91E17B0329F8F54A000CFA16 /* XCRemoteSwiftPackageReference "SnapKit" */,
			);
			productRefGroup = 91E17AE929F8F0BA000CFA16 /* Products */;
			projectDirPath = "";
			projectRoot = "";
			targets = (
				91E17AE729F8F0BA000CFA16 /* YourssuCalculator */,
			);
		};
/* End PBXProject section */

/* Begin PBXResourcesBuildPhase section */
		91E17AE629F8F0BA000CFA16 /* Resources */ = {
			isa = PBXResourcesBuildPhase;
			buildActionMask = 2147483647;
			files = (
				91E17AF829F8F0BD000CFA16 /* LaunchScreen.storyboard in Resources */,
				91E17AF529F8F0BD000CFA16 /* Assets.xcassets in Resources */,
			);
			runOnlyForDeploymentPostprocessing = 0;
		};
/* End PBXResourcesBuildPhase section */

/* Begin PBXSourcesBuildPhase section */
		91E17AE429F8F0BA000CFA16 /* Sources */ = {
			isa = PBXSourcesBuildPhase;
			buildActionMask = 2147483647;
			files = (
				91E17B0829F8F566000CFA16 /* UIView+Extension.swift in Sources */,
				91E17B0229F8F525000CFA16 /* BaseUIView.swift in Sources */,
				91E17B0A29F8F577000CFA16 /* UITextField+Extension.swift in Sources */,
				91E17B1129F8F88C000CFA16 /* HomeViewModel.swift in Sources */,
				91E17B1329F90265000CFA16 /* HomeViewUseCase.swift in Sources */,
				91E17AF029F8F0BA000CFA16 /* HomeViewController.swift in Sources */,
				91E17B0029F8F511000CFA16 /* HomeView.swift in Sources */,
				91E17AEC29F8F0BA000CFA16 /* AppDelegate.swift in Sources */,
				91E17AEE29F8F0BA000CFA16 /* SceneDelegate.swift in Sources */,
			);
			runOnlyForDeploymentPostprocessing = 0;
		};
/* End PBXSourcesBuildPhase section */

/* Begin PBXVariantGroup section */
		91E17AF629F8F0BD000CFA16 /* LaunchScreen.storyboard */ = {
			isa = PBXVariantGroup;
			children = (
				91E17AF729F8F0BD000CFA16 /* Base */,
			);
			name = LaunchScreen.storyboard;
			sourceTree = "<group>";
		};
/* End PBXVariantGroup section */

/* Begin XCBuildConfiguration section */
		91E17AFA29F8F0BD000CFA16 /* Debug */ = {
			isa = XCBuildConfiguration;
			buildSettings = {
				ALWAYS_SEARCH_USER_PATHS = NO;
				CLANG_ANALYZER_NONNULL = YES;
				CLANG_ANALYZER_NUMBER_OBJECT_CONVERSION = YES_AGGRESSIVE;
				CLANG_CXX_LANGUAGE_STANDARD = "gnu++20";
				CLANG_ENABLE_MODULES = YES;
				CLANG_ENABLE_OBJC_ARC = YES;
				CLANG_ENABLE_OBJC_WEAK = YES;
				CLANG_WARN_BLOCK_CAPTURE_AUTORELEASING = YES;
				CLANG_WARN_BOOL_CONVERSION = YES;
				CLANG_WARN_COMMA = YES;
				CLANG_WARN_CONSTANT_CONVERSION = YES;
				CLANG_WARN_DEPRECATED_OBJC_IMPLEMENTATIONS = YES;
				CLANG_WARN_DIRECT_OBJC_ISA_USAGE = YES_ERROR;
				CLANG_WARN_DOCUMENTATION_COMMENTS = YES;
				CLANG_WARN_EMPTY_BODY = YES;
				CLANG_WARN_ENUM_CONVERSION = YES;
				CLANG_WARN_INFINITE_RECURSION = YES;
				CLANG_WARN_INT_CONVERSION = YES;
				CLANG_WARN_NON_LITERAL_NULL_CONVERSION = YES;
				CLANG_WARN_OBJC_IMPLICIT_RETAIN_SELF = YES;
				CLANG_WARN_OBJC_LITERAL_CONVERSION = YES;
				CLANG_WARN_OBJC_ROOT_CLASS = YES_ERROR;
				CLANG_WARN_QUOTED_INCLUDE_IN_FRAMEWORK_HEADER = YES;
				CLANG_WARN_RANGE_LOOP_ANALYSIS = YES;
				CLANG_WARN_STRICT_PROTOTYPES = YES;
				CLANG_WARN_SUSPICIOUS_MOVE = YES;
				CLANG_WARN_UNGUARDED_AVAILABILITY = YES_AGGRESSIVE;
				CLANG_WARN_UNREACHABLE_CODE = YES;
				CLANG_WARN__DUPLICATE_METHOD_MATCH = YES;
				COPY_PHASE_STRIP = NO;
				DEBUG_INFORMATION_FORMAT = dwarf;
				ENABLE_STRICT_OBJC_MSGSEND = YES;
				ENABLE_TESTABILITY = YES;
				GCC_C_LANGUAGE_STANDARD = gnu11;
				GCC_DYNAMIC_NO_PIC = NO;
				GCC_NO_COMMON_BLOCKS = YES;
				GCC_OPTIMIZATION_LEVEL = 0;
				GCC_PREPROCESSOR_DEFINITIONS = (
					"DEBUG=1",
					"$(inherited)",
				);
				GCC_WARN_64_TO_32_BIT_CONVERSION = YES;
				GCC_WARN_ABOUT_RETURN_TYPE = YES_ERROR;
				GCC_WARN_UNDECLARED_SELECTOR = YES;
				GCC_WARN_UNINITIALIZED_AUTOS = YES_AGGRESSIVE;
				GCC_WARN_UNUSED_FUNCTION = YES;
				GCC_WARN_UNUSED_VARIABLE = YES;
				IPHONEOS_DEPLOYMENT_TARGET = 16.2;
				MTL_ENABLE_DEBUG_INFO = INCLUDE_SOURCE;
				MTL_FAST_MATH = YES;
				ONLY_ACTIVE_ARCH = YES;
				SDKROOT = iphoneos;
				SWIFT_ACTIVE_COMPILATION_CONDITIONS = DEBUG;
				SWIFT_OPTIMIZATION_LEVEL = "-Onone";
			};
			name = Debug;
		};
		91E17AFB29F8F0BD000CFA16 /* Release */ = {
			isa = XCBuildConfiguration;
			buildSettings = {
				ALWAYS_SEARCH_USER_PATHS = NO;
				CLANG_ANALYZER_NONNULL = YES;
				CLANG_ANALYZER_NUMBER_OBJECT_CONVERSION = YES_AGGRESSIVE;
				CLANG_CXX_LANGUAGE_STANDARD = "gnu++20";
				CLANG_ENABLE_MODULES = YES;
				CLANG_ENABLE_OBJC_ARC = YES;
				CLANG_ENABLE_OBJC_WEAK = YES;
				CLANG_WARN_BLOCK_CAPTURE_AUTORELEASING = YES;
				CLANG_WARN_BOOL_CONVERSION = YES;
				CLANG_WARN_COMMA = YES;
				CLANG_WARN_CONSTANT_CONVERSION = YES;
				CLANG_WARN_DEPRECATED_OBJC_IMPLEMENTATIONS = YES;
				CLANG_WARN_DIRECT_OBJC_ISA_USAGE = YES_ERROR;
				CLANG_WARN_DOCUMENTATION_COMMENTS = YES;
				CLANG_WARN_EMPTY_BODY = YES;
				CLANG_WARN_ENUM_CONVERSION = YES;
				CLANG_WARN_INFINITE_RECURSION = YES;
				CLANG_WARN_INT_CONVERSION = YES;
				CLANG_WARN_NON_LITERAL_NULL_CONVERSION = YES;
				CLANG_WARN_OBJC_IMPLICIT_RETAIN_SELF = YES;
				CLANG_WARN_OBJC_LITERAL_CONVERSION = YES;
				CLANG_WARN_OBJC_ROOT_CLASS = YES_ERROR;
				CLANG_WARN_QUOTED_INCLUDE_IN_FRAMEWORK_HEADER = YES;
				CLANG_WARN_RANGE_LOOP_ANALYSIS = YES;
				CLANG_WARN_STRICT_PROTOTYPES = YES;
				CLANG_WARN_SUSPICIOUS_MOVE = YES;
				CLANG_WARN_UNGUARDED_AVAILABILITY = YES_AGGRESSIVE;
				CLANG_WARN_UNREACHABLE_CODE = YES;
				CLANG_WARN__DUPLICATE_METHOD_MATCH = YES;
				COPY_PHASE_STRIP = NO;
				DEBUG_INFORMATION_FORMAT = "dwarf-with-dsym";
				ENABLE_NS_ASSERTIONS = NO;
				ENABLE_STRICT_OBJC_MSGSEND = YES;
				GCC_C_LANGUAGE_STANDARD = gnu11;
				GCC_NO_COMMON_BLOCKS = YES;
				GCC_WARN_64_TO_32_BIT_CONVERSION = YES;
				GCC_WARN_ABOUT_RETURN_TYPE = YES_ERROR;
				GCC_WARN_UNDECLARED_SELECTOR = YES;
				GCC_WARN_UNINITIALIZED_AUTOS = YES_AGGRESSIVE;
				GCC_WARN_UNUSED_FUNCTION = YES;
				GCC_WARN_UNUSED_VARIABLE = YES;
				IPHONEOS_DEPLOYMENT_TARGET = 16.2;
				MTL_ENABLE_DEBUG_INFO = NO;
				MTL_FAST_MATH = YES;
				SDKROOT = iphoneos;
				SWIFT_COMPILATION_MODE = wholemodule;
				SWIFT_OPTIMIZATION_LEVEL = "-O";
				VALIDATE_PRODUCT = YES;
			};
			name = Release;
		};
		91E17AFD29F8F0BD000CFA16 /* Debug */ = {
			isa = XCBuildConfiguration;
			buildSettings = {
				ASSETCATALOG_COMPILER_APPICON_NAME = AppIcon;
				ASSETCATALOG_COMPILER_GLOBAL_ACCENT_COLOR_NAME = AccentColor;
				CODE_SIGN_STYLE = Automatic;
				CURRENT_PROJECT_VERSION = 1;
				DEVELOPMENT_TEAM = D96A3BCL3R;
				GENERATE_INFOPLIST_FILE = YES;
				INFOPLIST_FILE = YourssuCalculator/Global/Supports/Info.plist;
				INFOPLIST_KEY_UIApplicationSupportsIndirectInputEvents = YES;
				INFOPLIST_KEY_UILaunchStoryboardName = LaunchScreen;
				INFOPLIST_KEY_UISupportedInterfaceOrientations_iPad = "UIInterfaceOrientationPortrait UIInterfaceOrientationPortraitUpsideDown UIInterfaceOrientationLandscapeLeft UIInterfaceOrientationLandscapeRight";
				INFOPLIST_KEY_UISupportedInterfaceOrientations_iPhone = "UIInterfaceOrientationPortrait UIInterfaceOrientationLandscapeLeft UIInterfaceOrientationLandscapeRight";
				LD_RUNPATH_SEARCH_PATHS = (
					"$(inherited)",
					"@executable_path/Frameworks",
				);
				MARKETING_VERSION = 1.0;
				PRODUCT_BUNDLE_IDENTIFIER = com.JuneHyeokHong.YourssuCalculator;
				PRODUCT_NAME = "$(TARGET_NAME)";
				SWIFT_EMIT_LOC_STRINGS = YES;
				SWIFT_VERSION = 5.0;
				TARGETED_DEVICE_FAMILY = "1,2";
			};
			name = Debug;
		};
		91E17AFE29F8F0BD000CFA16 /* Release */ = {
			isa = XCBuildConfiguration;
			buildSettings = {
				ASSETCATALOG_COMPILER_APPICON_NAME = AppIcon;
				ASSETCATALOG_COMPILER_GLOBAL_ACCENT_COLOR_NAME = AccentColor;
				CODE_SIGN_STYLE = Automatic;
				CURRENT_PROJECT_VERSION = 1;
				DEVELOPMENT_TEAM = D96A3BCL3R;
				GENERATE_INFOPLIST_FILE = YES;
				INFOPLIST_FILE = YourssuCalculator/Global/Supports/Info.plist;
				INFOPLIST_KEY_UIApplicationSupportsIndirectInputEvents = YES;
				INFOPLIST_KEY_UILaunchStoryboardName = LaunchScreen;
				INFOPLIST_KEY_UISupportedInterfaceOrientations_iPad = "UIInterfaceOrientationPortrait UIInterfaceOrientationPortraitUpsideDown UIInterfaceOrientationLandscapeLeft UIInterfaceOrientationLandscapeRight";
				INFOPLIST_KEY_UISupportedInterfaceOrientations_iPhone = "UIInterfaceOrientationPortrait UIInterfaceOrientationLandscapeLeft UIInterfaceOrientationLandscapeRight";
				LD_RUNPATH_SEARCH_PATHS = (
					"$(inherited)",
					"@executable_path/Frameworks",
				);
				MARKETING_VERSION = 1.0;
				PRODUCT_BUNDLE_IDENTIFIER = com.JuneHyeokHong.YourssuCalculator;
				PRODUCT_NAME = "$(TARGET_NAME)";
				SWIFT_EMIT_LOC_STRINGS = YES;
				SWIFT_VERSION = 5.0;
				TARGETED_DEVICE_FAMILY = "1,2";
			};
			name = Release;
		};
/* End XCBuildConfiguration section */

/* Begin XCConfigurationList section */
		91E17AE329F8F0BA000CFA16 /* Build configuration list for PBXProject "YourssuCalculator" */ = {
			isa = XCConfigurationList;
			buildConfigurations = (
				91E17AFA29F8F0BD000CFA16 /* Debug */,
				91E17AFB29F8F0BD000CFA16 /* Release */,
			);
			defaultConfigurationIsVisible = 0;
			defaultConfigurationName = Release;
		};
		91E17AFC29F8F0BD000CFA16 /* Build configuration list for PBXNativeTarget "YourssuCalculator" */ = {
			isa = XCConfigurationList;
			buildConfigurations = (
				91E17AFD29F8F0BD000CFA16 /* Debug */,
				91E17AFE29F8F0BD000CFA16 /* Release */,
			);
			defaultConfigurationIsVisible = 0;
			defaultConfigurationName = Release;
		};
/* End XCConfigurationList section */

/* Begin XCRemoteSwiftPackageReference section */
		91E17B0329F8F54A000CFA16 /* XCRemoteSwiftPackageReference "SnapKit" */ = {
			isa = XCRemoteSwiftPackageReference;
			repositoryURL = "https://github.com/SnapKit/SnapKit.git";
			requirement = {
				branch = develop;
				kind = branch;
			};
		};
/* End XCRemoteSwiftPackageReference section */

/* Begin XCSwiftPackageProductDependency section */
		91E17B0429F8F54A000CFA16 /* SnapKit */ = {
			isa = XCSwiftPackageProductDependency;
			package = 91E17B0329F8F54A000CFA16 /* XCRemoteSwiftPackageReference "SnapKit" */;
			productName = SnapKit;
		};
/* End XCSwiftPackageProductDependency section */
	};
	rootObject = 91E17AE029F8F0BA000CFA16 /* Project object */;
}
